
Microsoft Visual Studio Solution File, Format Version 12.00
# Visual Studio Version 16
VisualStudioVersion = 16.0.31205.134
MinimumVisualStudioVersion = 10.0.40219.1
Project("{911E67C6-3D85-4FCE-B560-20A9C3E3FF48}") = "devenv", "C:\Program Files (x86)\Microsoft Visual Studio\2019\Enterprise\Common7\IDE\devenv.exe", "{C373C3EB-12CB-450E-97AC-1D81FFF4761F}"
	ProjectSection(DebuggerProjectSystem) = preProject
		PortSupplier = 00000000-0000-0000-0000-000000000000
		Executable = C:\Program Files (x86)\Microsoft Visual Studio\2019\Enterprise\Common7\IDE\devenv.exe
		RemoteMachine = IVAN-SAMSUNG
		StartingDirectory = C:\Program Files (x86)\Microsoft Visual Studio\2019\Enterprise\Common7\IDE
		Environment = Padrão
		LaunchingEngine = 00000000-0000-0000-0000-000000000000
		UseLegacyDebugEngines = No
		LaunchSQLEngine = No
		AttachLaunchAction = No
		IORedirection = Auto
	EndProjectSection
EndProject
Project("{FAE04EC0-301F-11D3-BF4B-00C04F79EFBC}") = "GameTop", "GameTop\GameTop.csproj", "{4ECB6498-CDD5-470E-B5BB-38E2AC784FA8}"
EndProject
Project("{FAE04EC0-301F-11D3-BF4B-00C04F79EFBC}") = "GameTop.Interfaces", "GameTop.Interfaces\GameTop.Interfaces.csproj", "{3CC9EEFE-F16F-4C18-8BC3-10533F152FED}"
EndProject
Project("{FAE04EC0-301F-11D3-BF4B-00C04F79EFBC}") = "GameTop.Lib", "GameTop.Lib\GameTop.Lib.csproj", "{F655A4D9-00CC-4164-918E-A6A70AFA6613}"
EndProject
Global
	GlobalSection(SolutionConfigurationPlatforms) = preSolution
		Release|x86 = Release|x86
	EndGlobalSection
	GlobalSection(ProjectConfigurationPlatforms) = postSolution
		{C373C3EB-12CB-450E-97AC-1D81FFF4761F}.Release|x86.ActiveCfg = Release|x86
		{4ECB6498-CDD5-470E-B5BB-38E2AC784FA8}.Release|x86.ActiveCfg = Release|Any CPU
		{4ECB6498-CDD5-470E-B5BB-38E2AC784FA8}.Release|x86.Build.0 = Release|Any CPU
		{3CC9EEFE-F16F-4C18-8BC3-10533F152FED}.Release|x86.ActiveCfg = Release|Any CPU
		{3CC9EEFE-F16F-4C18-8BC3-10533F152FED}.Release|x86.Build.0 = Release|Any CPU
		{F655A4D9-00CC-4164-918E-A6A70AFA6613}.Release|x86.ActiveCfg = Release|Any CPU
		{F655A4D9-00CC-4164-918E-A6A70AFA6613}.Release|x86.Build.0 = Release|Any CPU
	EndGlobalSection
	GlobalSection(SolutionProperties) = preSolution
		HideSolutionNode = FALSE
	EndGlobalSection
	GlobalSection(ExtensibilityGlobals) = postSolution
		SolutionGuid = {46D6ED93-C026-49A3-8991-255D020F4A06}
	EndGlobalSection
EndGlobal
